
Microsoft Visual Studio Solution File, Format Version 12.00
# Visual Studio Version 16
VisualStudioVersion = 16.0.31515.178
MinimumVisualStudioVersion = 10.0.40219.1
Project("{FAE04EC0-301F-11D3-BF4B-00C04F79EFBC}") = "SolarCoffee.Web", "SolarCoffee.Web\SolarCoffee.Web.csproj", "{08BB0540-2F5D-4D3E-B80B-95EDBE9DE716}"
EndProject
Project("{FAE04EC0-301F-11D3-BF4B-00C04F79EFBC}") = "SolarCoffee.Services", "SolarCoffee.Service\SolarCoffee.Services.csproj", "{29A4DAD1-C1BA-4012-A2E3-C11F391301F6}"
EndProject
Project("{FAE04EC0-301F-11D3-BF4B-00C04F79EFBC}") = "SolarCoffee.Data", "SolarCoffee.Data\SolarCoffee.Data.csproj", "{6F41843D-2037-471B-98B0-16E64B946B87}"
EndProject
Global
	GlobalSection(SolutionConfigurationPlatforms) = preSolution
		Debug|Any CPU = Debug|Any CPU
		Release|Any CPU = Release|Any CPU
	EndGlobalSection
	GlobalSection(ProjectConfigurationPlatforms) = postSolution
		{08BB0540-2F5D-4D3E-B80B-95EDBE9DE716}.Debug|Any CPU.ActiveCfg = Debug|Any CPU
		{08BB0540-2F5D-4D3E-B80B-95EDBE9DE716}.Debug|Any CPU.Build.0 = Debug|Any CPU
		{08BB0540-2F5D-4D3E-B80B-95EDBE9DE716}.Release|Any CPU.ActiveCfg = Release|Any CPU
		{08BB0540-2F5D-4D3E-B80B-95EDBE9DE716}.Release|Any CPU.Build.0 = Release|Any CPU
		{29A4DAD1-C1BA-4012-A2E3-C11F391301F6}.Debug|Any CPU.ActiveCfg = Debug|Any CPU
		{29A4DAD1-C1BA-4012-A2E3-C11F391301F6}.Debug|Any CPU.Build.0 = Debug|Any CPU
		{29A4DAD1-C1BA-4012-A2E3-C11F391301F6}.Release|Any CPU.ActiveCfg = Release|Any CPU
		{29A4DAD1-C1BA-4012-A2E3-C11F391301F6}.Release|Any CPU.Build.0 = Release|Any CPU
		{6F41843D-2037-471B-98B0-16E64B946B87}.Debug|Any CPU.ActiveCfg = Debug|Any CPU
		{6F41843D-2037-471B-98B0-16E64B946B87}.Debug|Any CPU.Build.0 = Debug|Any CPU
		{6F41843D-2037-471B-98B0-16E64B946B87}.Release|Any CPU.ActiveCfg = Release|Any CPU
		{6F41843D-2037-471B-98B0-16E64B946B87}.Release|Any CPU.Build.0 = Release|Any CPU
	EndGlobalSection
	GlobalSection(SolutionProperties) = preSolution
		HideSolutionNode = FALSE
	EndGlobalSection
	GlobalSection(ExtensibilityGlobals) = postSolution
		SolutionGuid = {AB4E132F-A973-4856-A6F7-CBCA02167342}
	EndGlobalSection
EndGlobal
